<?xml version="1.0" encoding="utf-8"?>
<Project ToolsVersion="4.0" xmlns="http://schemas.microsoft.com/developer/msbuild/2003">
  <ItemGroup>
    <Filter Include="Исходные файлы">
      <UniqueIdentifier>{4FC737F1-C7A5-4376-A066-2A32D752A2FF}</UniqueIdentifier>
      <Extensions>cpp;c;cc;cxx;c++;cppm;ixx;def;odl;idl;hpj;bat;asm;asmx</Extensions>
    </Filter>
    <Filter Include="Файлы заголовков">
      <UniqueIdentifier>{93995380-89BD-4b04-88EB-625FBE52EBFB}</UniqueIdentifier>
      <Extensions>h;hh;hpp;hxx;h++;hm;inl;inc;ipp;xsd</Extensions>
    </Filter>
    <Filter Include="Файлы ресурсов">
      <UniqueIdentifier>{67DA6AB6-F800-4c08-8B7A-83BB121AAD01}</UniqueIdentifier>
      <Extensions>rc;ico;cur;bmp;dlg;rc2;rct;bin;rgs;gif;jpg;jpeg;jpe;resx;tiff;tif;png;wav;mfcribbon-ms</Extensions>
    </Filter>
  </ItemGroup>
  <ItemGroup>
    <ClCompile Include="plugin.cpp">
      <Filter>Исходные файлы</Filter>
    </ClCompile>
    <ClCompile Include="utils\utils.cpp">
      <Filter>Исходные файлы</Filter>
    </ClCompile>
    <ClCompile Include="action.cpp">
      <Filter>Исходные файлы</Filter>
    </ClCompile>
    <ClCompile Include="dialog\AboutDialog.cpp">
      <Filter>Исходные файлы</Filter>
    </ClCompile>
    <ClCompile Include="dialog\TableDialog.cpp">
      <Filter>Исходные файлы</Filter>
    </ClCompile>
    <ClCompile Include="dialog\CodeEditor.cpp">
      <Filter>Исходные файлы</Filter>
    </ClCompile>
    <ClCompile Include="dialog\ComboBoxEx.cpp">
      <Filter>Исходные файлы</Filter>
    </ClCompile>
    <ClCompile Include="dialog\SyntaxHighlighter.cpp">
      <Filter>Исходные файлы</Filter>
    </ClCompile>
    <ClCompile Include="dialog\SaveTableToFile.cpp">
      <Filter>Исходные файлы</Filter>
    </ClCompile>
  </ItemGroup>
  <ItemGroup>
    <ClInclude Include="plugin.h">
      <Filter>Файлы заголовков</Filter>
    </ClInclude>
    <ClInclude Include="pluginsdk\_plugins.h">
      <Filter>Файлы заголовков</Filter>
    </ClInclude>
    <ClInclude Include="global.h">
      <Filter>Файлы заголовков</Filter>
    </ClInclude>
    <ClInclude Include="res\resource.h">
      <Filter>Файлы ресурсов</Filter>
    </ClInclude>
    <ClInclude Include="res\version.h">
      <Filter>Файлы ресурсов</Filter>
    </ClInclude>
    <ClInclude Include="utils\utils.h">
      <Filter>Файлы заголовков</Filter>
    </ClInclude>
    <ClInclude Include="dialog\DumpFormatter.h">
      <Filter>Файлы заголовков</Filter>
    </ClInclude>
    <ClInclude Include="dialog\SyntaxHighlighter.h">
      <Filter>Файлы заголовков</Filter>
    </ClInclude>
  </ItemGroup>
  <ItemGroup>
    <Image Include="res\main.ico">
      <Filter>Файлы ресурсов</Filter>
    </Image>
  </ItemGroup>
  <ItemGroup>
    <ResourceCompile Include="res\rsrc.rc">
      <Filter>Файлы ресурсов</Filter>
    </ResourceCompile>
  </ItemGroup>
  <ItemGroup>
    <QtRcc Include="res\resource.qrc" />
  </ItemGroup>
  <ItemGroup>
    <QtUic Include="dialog\AboutDialog.ui" />
    <QtUic Include="dialog\TableDialog.ui" />
  </ItemGroup>
  <ItemGroup>
    <QtMoc Include="dialog\AboutDialog.h">
      <Filter>Файлы заголовков</Filter>
    </QtMoc>
    <QtMoc Include="dialog\TableDialog.h">
      <Filter>Файлы заголовков</Filter>
    </QtMoc>
    <QtMoc Include="dialog\CodeEditor.h">
      <Filter>Файлы заголовков</Filter>
    </QtMoc>
    <QtMoc Include="dialog\ComboBoxEx.h">
      <Filter>Файлы заголовков</Filter>
    </QtMoc>
  </ItemGroup>
</Project>